// !$*UTF8*$!
{
	archiveVersion = 1;
	classes = {
	};
	objectVersion = 48;
	objects = {

/* Begin PBXBuildFile section */
		833CF17A20D20B3700F5C54C /* AppDelegate.m in Sources */ = {isa = PBXBuildFile; fileRef = 833CF17920D20B3700F5C54C /* AppDelegate.m */; };
		833CF17D20D20B3700F5C54C /* ViewController.m in Sources */ = {isa = PBXBuildFile; fileRef = 833CF17C20D20B3700F5C54C /* ViewController.m */; };
		833CF18020D20B3700F5C54C /* Main.storyboard in Resources */ = {isa = PBXBuildFile; fileRef = 833CF17E20D20B3700F5C54C /* Main.storyboard */; };
		833CF18220D20B3700F5C54C /* Assets.xcassets in Resources */ = {isa = PBXBuildFile; fileRef = 833CF18120D20B3700F5C54C /* Assets.xcassets */; };
		833CF18520D20B3700F5C54C /* LaunchScreen.storyboard in Resources */ = {isa = PBXBuildFile; fileRef = 833CF18320D20B3700F5C54C /* LaunchScreen.storyboard */; };
		833CF18820D20B3700F5C54C /* main.m in Sources */ = {isa = PBXBuildFile; fileRef = 833CF18720D20B3700F5C54C /* main.m */; };
/* End PBXBuildFile section */

/* Begin PBXFileReference section */
		833CF17520D20B3700F5C54C /* KrisLib.app */ = {isa = PBXFileReference; explicitFileType = wrapper.application; includeInIndex = 0; path = KrisLib.app; sourceTree = BUILT_PRODUCTS_DIR; };
		833CF17820D20B3700F5C54C /* AppDelegate.h */ = {isa = PBXFileReference; lastKnownFileType = sourcecode.c.h; path = AppDelegate.h; sourceTree = "<group>"; };
		833CF17920D20B3700F5C54C /* AppDelegate.m */ = {isa = PBXFileReference; lastKnownFileType = sourcecode.c.objc; path = AppDelegate.m; sourceTree = "<group>"; };
		833CF17B20D20B3700F5C54C /* ViewController.h */ = {isa = PBXFileReference; lastKnownFileType = sourcecode.c.h; path = ViewController.h; sourceTree = "<group>"; };
		833CF17C20D20B3700F5C54C /* ViewController.m */ = {isa = PBXFileReference; lastKnownFileType = sourcecode.c.objc; path = ViewController.m; sourceTree = "<group>"; };
		833CF17F20D20B3700F5C54C /* Base */ = {isa = PBXFileReference; lastKnownFileType = file.storyboard; name = Base; path = Base.lproj/Main.storyboard; sourceTree = "<group>"; };
		833CF18120D20B3700F5C54C /* Assets.xcassets */ = {isa = PBXFileReference; lastKnownFileType = folder.assetcatalog; path = Assets.xcassets; sourceTree = "<group>"; };
		833CF18420D20B3700F5C54C /* Base */ = {isa = PBXFileReference; lastKnownFileType = file.storyboard; name = Base; path = Base.lproj/LaunchScreen.storyboard; sourceTree = "<group>"; };
		833CF18620D20B3700F5C54C /* Info.plist */ = {isa = PBXFileReference; lastKnownFileType = text.plist.xml; path = Info.plist; sourceTree = "<group>"; };
		833CF18720D20B3700F5C54C /* main.m */ = {isa = PBXFileReference; lastKnownFileType = sourcecode.c.objc; path = main.m; sourceTree = "<group>"; };
/* End PBXFileReference section */

/* Begin PBXFrameworksBuildPhase section */
		833CF17220D20B3700F5C54C /* Frameworks */ = {
			isa = PBXFrameworksBuildPhase;
			buildActionMask = 2147483647;
			files = (
			);
			runOnlyForDeploymentPostprocessing = 0;
		};
/* End PBXFrameworksBuildPhase section */

/* Begin PBXGroup section */
		833CF16C20D20B3700F5C54C = {
			isa = PBXGroup;
			children = (
				833CF17720D20B3700F5C54C /* KrisLib */,
				833CF17620D20B3700F5C54C /* Products */,
			);
			sourceTree = "<group>";
		};
		833CF17620D20B3700F5C54C /* Products */ = {
			isa = PBXGroup;
			children = (
				833CF17520D20B3700F5C54C /* KrisLib.app */,
			);
			name = Products;
			sourceTree = "<group>";
		};
		833CF17720D20B3700F5C54C /* KrisLib */ = {
			isa = PBXGroup;
			children = (
				833CF17820D20B3700F5C54C /* AppDelegate.h */,
				833CF17920D20B3700F5C54C /* AppDelegate.m */,
				833CF17B20D20B3700F5C54C /* ViewController.h */,
				833CF17C20D20B3700F5C54C /* ViewController.m */,
				833CF17E20D20B3700F5C54C /* Main.storyboard */,
				833CF18120D20B3700F5C54C /* Assets.xcassets */,
				833CF18320D20B3700F5C54C /* LaunchScreen.storyboard */,
				833CF18620D20B3700F5C54C /* Info.plist */,
				833CF18720D20B3700F5C54C /* main.m */,
			);
			path = KrisLib;
			sourceTree = "<group>";
		};
/* End PBXGroup section */

/* Begin PBXNativeTarget section */
		833CF17420D20B3700F5C54C /* KrisLib */ = {
			isa = PBXNativeTarget;
			buildConfigurationList = 833CF18B20D20B3700F5C54C /* Build configuration list for PBXNativeTarget "KrisLib" */;
			buildPhases = (
				833CF17120D20B3700F5C54C /* Sources */,
				833CF17220D20B3700F5C54C /* Frameworks */,
				833CF17320D20B3700F5C54C /* Resources */,
			);
			buildRules = (
			);
			dependencies = (
			);
			name = KrisLib;
			productName = KrisLib;
			productReference = 833CF17520D20B3700F5C54C /* KrisLib.app */;
			productType = "com.apple.product-type.application";
		};
/* End PBXNativeTarget section */

/* Begin PBXProject section */
		833CF16D20D20B3700F5C54C /* Project object */ = {
			isa = PBXProject;
			attributes = {
				LastUpgradeCheck = 0920;
				ORGANIZATIONNAME = Kris;
				TargetAttributes = {
					833CF17420D20B3700F5C54C = {
						CreatedOnToolsVersion = 9.2;
						ProvisioningStyle = Automatic;
					};
				};
			};
			buildConfigurationList = 833CF17020D20B3700F5C54C /* Build configuration list for PBXProject "KrisLib" */;
			compatibilityVersion = "Xcode 8.0";
			developmentRegion = en;
			hasScannedForEncodings = 0;
			knownRegions = (
				en,
				Base,
			);
			mainGroup = 833CF16C20D20B3700F5C54C;
			productRefGroup = 833CF17620D20B3700F5C54C /* Products */;
			projectDirPath = "";
			projectRoot = "";
			targets = (
				833CF17420D20B3700F5C54C /* KrisLib */,
			);
		};
/* End PBXProject section */

/* Begin PBXResourcesBuildPhase section */
		833CF17320D20B3700F5C54C /* Resources */ = {
			isa = PBXResourcesBuildPhase;
			buildActionMask = 2147483647;
			files = (
				833CF18520D20B3700F5C54C /* LaunchScreen.storyboard in Resources */,
				833CF18220D20B3700F5C54C /* Assets.xcassets in Resources */,
				833CF18020D20B3700F5C54C /* Main.storyboard in Resources */,
			);
			runOnlyForDeploymentPostprocessing = 0;
		};
/* End PBXResourcesBuildPhase section */

/* Begin PBXSourcesBuildPhase section */
		833CF17120D20B3700F5C54C /* Sources */ = {
			isa = PBXSourcesBuildPhase;
			buildActionMask = 2147483647;
			files = (
				833CF17D20D20B3700F5C54C /* ViewController.m in Sources */,
				833CF18820D20B3700F5C54C /* main.m in Sources */,
				833CF17A20D20B3700F5C54C /* AppDelegate.m in Sources */,
			);
			runOnlyForDeploymentPostprocessing = 0;
		};
/* End PBXSourcesBuildPhase section */

/* Begin PBXVariantGroup section */
		833CF17E20D20B3700F5C54C /* Main.storyboard */ = {
			isa = PBXVariantGroup;
			children = (
				833CF17F20D20B3700F5C54C /* Base */,
			);
			name = Main.storyboard;
			sourceTree = "<group>";
		};
		833CF18320D20B3700F5C54C /* LaunchScreen.storyboard */ = {
			isa = PBXVariantGroup;
			children = (
				833CF18420D20B3700F5C54C /* Base */,
			);
			name = LaunchScreen.storyboard;
			sourceTree = "<group>";
		};
/* End PBXVariantGroup section */

/* Begin XCBuildConfiguration section */
		833CF18920D20B3700F5C54C /* Debug */ = {
			isa = XCBuildConfiguration;
			buildSettings = {
				ALWAYS_SEARCH_USER_PATHS = NO;
				CLANG_ANALYZER_NONNULL = YES;
				CLANG_ANALYZER_NUMBER_OBJECT_CONVERSION = YES_AGGRESSIVE;
				CLANG_CXX_LANGUAGE_STANDARD = "gnu++14";
				CLANG_CXX_LIBRARY = "libc++";
				CLANG_ENABLE_MODULES = YES;
				CLANG_ENABLE_OBJC_ARC = YES;
				CLANG_WARN_BLOCK_CAPTURE_AUTORELEASING = YES;
				CLANG_WARN_BOOL_CONVERSION = YES;
				CLANG_WARN_COMMA = YES;
				CLANG_WARN_CONSTANT_CONVERSION = YES;
				CLANG_WARN_DIRECT_OBJC_ISA_USAGE = YES_ERROR;
				CLANG_WARN_DOCUMENTATION_COMMENTS = YES;
				CLANG_WARN_EMPTY_BODY = YES;
				CLANG_WARN_ENUM_CONVERSION = YES;
				CLANG_WARN_INFINITE_RECURSION = YES;
				CLANG_WARN_INT_CONVERSION = YES;
				CLANG_WARN_NON_LITERAL_NULL_CONVERSION = YES;
				CLANG_WARN_OBJC_LITERAL_CONVERSION = YES;
				CLANG_WARN_OBJC_ROOT_CLASS = YES_ERROR;
				CLANG_WARN_RANGE_LOOP_ANALYSIS = YES;
				CLANG_WARN_STRICT_PROTOTYPES = YES;
				CLANG_WARN_SUSPICIOUS_MOVE = YES;
				CLANG_WARN_UNGUARDED_AVAILABILITY = YES_AGGRESSIVE;
				CLANG_WARN_UNREACHABLE_CODE = YES;
				CLANG_WARN__DUPLICATE_METHOD_MATCH = YES;
				CODE_SIGN_IDENTITY = "iPhone Developer";
				COPY_PHASE_STRIP = NO;
				DEBUG_INFORMATION_FORMAT = dwarf;
				ENABLE_STRICT_OBJC_MSGSEND = YES;
				ENABLE_TESTABILITY = YES;
				GCC_C_LANGUAGE_STANDARD = gnu11;
				GCC_DYNAMIC_NO_PIC = NO;
				GCC_NO_COMMON_BLOCKS = YES;
				GCC_OPTIMIZATION_LEVEL = 0;
				GCC_PREPROCESSOR_DEFINITIONS = (
					"DEBUG=1",
					"$(inherited)",
				);
				GCC_WARN_64_TO_32_BIT_CONVERSION = YES;
				GCC_WARN_ABOUT_RETURN_TYPE = YES_ERROR;
				GCC_WARN_UNDECLARED_SELECTOR = YES;
				GCC_WARN_UNINITIALIZED_AUTOS = YES_AGGRESSIVE;
				GCC_WARN_UNUSED_FUNCTION = YES;
				GCC_WARN_UNUSED_VARIABLE = YES;
				IPHONEOS_DEPLOYMENT_TARGET = 11.2;
				MTL_ENABLE_DEBUG_INFO = YES;
				ONLY_ACTIVE_ARCH = YES;
				SDKROOT = iphoneos;
			};
			name = Debug;
		};
		833CF18A20D20B3700F5C54C /* Release */ = {
			isa = XCBuildConfiguration;
			buildSettings = {
				ALWAYS_SEARCH_USER_PATHS = NO;
				CLANG_ANALYZER_NONNULL = YES;
				CLANG_ANALYZER_NUMBER_OBJECT_CONVERSION = YES_AGGRESSIVE;
				CLANG_CXX_LANGUAGE_STANDARD = "gnu++14";
				CLANG_CXX_LIBRARY = "libc++";
				CLANG_ENABLE_MODULES = YES;
				CLANG_ENABLE_OBJC_ARC = YES;
				CLANG_WARN_BLOCK_CAPTURE_AUTORELEASING = YES;
				CLANG_WARN_BOOL_CONVERSION = YES;
				CLANG_WARN_COMMA = YES;
				CLANG_WARN_CONSTANT_CONVERSION = YES;
				CLANG_WARN_DIRECT_OBJC_ISA_USAGE = YES_ERROR;
				CLANG_WARN_DOCUMENTATION_COMMENTS = YES;
				CLANG_WARN_EMPTY_BODY = YES;
				CLANG_WARN_ENUM_CONVERSION = YES;
				CLANG_WARN_INFINITE_RECURSION = YES;
				CLANG_WARN_INT_CONVERSION = YES;
				CLANG_WARN_NON_LITERAL_NULL_CONVERSION = YES;
				CLANG_WARN_OBJC_LITERAL_CONVERSION = YES;
				CLANG_WARN_OBJC_ROOT_CLASS = YES_ERROR;
				CLANG_WARN_RANGE_LOOP_ANALYSIS = YES;
				CLANG_WARN_STRICT_PROTOTYPES = YES;
				CLANG_WARN_SUSPICIOUS_MOVE = YES;
				CLANG_WARN_UNGUARDED_AVAILABILITY = YES_AGGRESSIVE;
				CLANG_WARN_UNREACHABLE_CODE = YES;
				CLANG_WARN__DUPLICATE_METHOD_MATCH = YES;
				CODE_SIGN_IDENTITY = "iPhone Developer";
				COPY_PHASE_STRIP = NO;
				DEBUG_INFORMATION_FORMAT = "dwarf-with-dsym";
				ENABLE_NS_ASSERTIONS = NO;
				ENABLE_STRICT_OBJC_MSGSEND = YES;
				GCC_C_LANGUAGE_STANDARD = gnu11;
				GCC_NO_COMMON_BLOCKS = YES;
				GCC_WARN_64_TO_32_BIT_CONVERSION = YES;
				GCC_WARN_ABOUT_RETURN_TYPE = YES_ERROR;
				GCC_WARN_UNDECLARED_SELECTOR = YES;
				GCC_WARN_UNINITIALIZED_AUTOS = YES_AGGRESSIVE;
				GCC_WARN_UNUSED_FUNCTION = YES;
				GCC_WARN_UNUSED_VARIABLE = YES;
				IPHONEOS_DEPLOYMENT_TARGET = 11.2;
				MTL_ENABLE_DEBUG_INFO = NO;
				SDKROOT = iphoneos;
				VALIDATE_PRODUCT = YES;
			};
			name = Release;
		};
		833CF18C20D20B3700F5C54C /* Debug */ = {
			isa = XCBuildConfiguration;
			buildSettings = {
				ASSETCATALOG_COMPILER_APPICON_NAME = AppIcon;
				CODE_SIGN_STYLE = Automatic;
				INFOPLIST_FILE = KrisLib/Info.plist;
				LD_RUNPATH_SEARCH_PATHS = "$(inherited) @executable_path/Frameworks";
				PRODUCT_BUNDLE_IDENTIFIER = KQC.KrisLib;
				PRODUCT_NAME = "$(TARGET_NAME)";
				TARGETED_DEVICE_FAMILY = "1,2";
			};
			name = Debug;
		};
		833CF18D20D20B3700F5C54C /* Release */ = {
			isa = XCBuildConfiguration;
			buildSettings = {
				ASSETCATALOG_COMPILER_APPICON_NAME = AppIcon;
				CODE_SIGN_STYLE = Automatic;
				INFOPLIST_FILE = KrisLib/Info.plist;
				LD_RUNPATH_SEARCH_PATHS = "$(inherited) @executable_path/Frameworks";
				PRODUCT_BUNDLE_IDENTIFIER = KQC.KrisLib;
				PRODUCT_NAME = "$(TARGET_NAME)";
				TARGETED_DEVICE_FAMILY = "1,2";
			};
			name = Release;
		};
/* End XCBuildConfiguration section */

/* Begin XCConfigurationList section */
		833CF17020D20B3700F5C54C /* Build configuration list for PBXProject "KrisLib" */ = {
			isa = XCConfigurationList;
			buildConfigurations = (
				833CF18920D20B3700F5C54C /* Debug */,
				833CF18A20D20B3700F5C54C /* Release */,
			);
			defaultConfigurationIsVisible = 0;
			defaultConfigurationName = Release;
		};
		833CF18B20D20B3700F5C54C /* Build configuration list for PBXNativeTarget "KrisLib" */ = {
			isa = XCConfigurationList;
			buildConfigurations = (
				833CF18C20D20B3700F5C54C /* Debug */,
				833CF18D20D20B3700F5C54C /* Release */,
			);
			defaultConfigurationIsVisible = 0;
			defaultConfigurationName = Release;
		};
/* End XCConfigurationList section */
	};
	rootObject = 833CF16D20D20B3700F5C54C /* Project object */;
}
